{
  "version": 4,
  "terraform_version": "1.11.4",
  "serial": 106,
  "lineage": "f71b0d0f-99d5-7e2f-e1ab-df065f4b2363",
  "outputs": {},
  "resources": [
    {
      "module": "module.alb",
      "mode": "data",
      "type": "aws_vpc",
      "name": "vpc",
      "provider": "provider[\"registry.terraform.io/hashicorp/aws\"]",
      "instances": [
        {
          "schema_version": 0,
          "attributes": {
            "arn": "arn:aws:ec2:eu-west-1:288627860431:vpc/vpc-0d912a591fe34de43",
            "cidr_block": "172.31.117.64/26",
            "cidr_block_associations": [
              {
                "association_id": "vpc-cidr-assoc-07cb99cdb4b9ededa",
                "cidr_block": "172.31.117.64/26",
                "state": "associated"
              }
            ],
            "default": false,
            "dhcp_options_id": "dopt-20c82559",
            "enable_dns_hostnames": true,
            "enable_dns_support": true,
            "enable_network_address_usage_metrics": false,
            "filter": [
              {
                "name": "tag:Name",
                "values": [
                  "ecn1-VPC"
                ]
              }
            ],
            "id": "vpc-0d912a591fe34de43",
            "instance_tenancy": "default",
            "ipv6_association_id": "",
            "ipv6_cidr_block": "",
            "main_route_table_id": "rtb-05f03417db501909a",
            "owner_id": "288627860431",
            "state": null,
            "tags": {
              "Name": "ecn1-VPC",
              "Owner": "AWSCBM",
              "ericsson:ecn": "true"
            },
            "timeouts": null
          },
          "sensitive_attributes": []
        }
      ]
    },
    {
      "module": "module.alb",
      "mode": "managed",
      "type": "aws_lb",
      "name": "alb-main",
      "provider": "provider[\"registry.terraform.io/hashicorp/aws\"]",
      "instances": [
        {
          "schema_version": 0,
          "attributes": {
            "access_logs": [
              {
                "bucket": "",
                "enabled": false,
                "prefix": ""
              }
            ],
            "arn": "arn:aws:elasticloadbalancing:eu-west-1:288627860431:loadbalancer/app/cvist-alb-nonprod/331de65e1718f135",
            "arn_suffix": "app/cvist-alb-nonprod/331de65e1718f135",
            "client_keep_alive": 3600,
            "connection_logs": [
              {
                "bucket": "",
                "enabled": false,
                "prefix": ""
              }
            ],
            "customer_owned_ipv4_pool": "",
            "desync_mitigation_mode": "defensive",
            "dns_name": "internal-cvist-alb-nonprod-463765201.eu-west-1.elb.amazonaws.com",
            "dns_record_client_routing_policy": null,
            "drop_invalid_header_fields": false,
            "enable_cross_zone_load_balancing": true,
            "enable_deletion_protection": false,
            "enable_http2": true,
            "enable_tls_version_and_cipher_suite_headers": false,
            "enable_waf_fail_open": false,
            "enable_xff_client_port": false,
            "enable_zonal_shift": false,
            "enforce_security_group_inbound_rules_on_private_link_traffic": "",
            "id": "arn:aws:elasticloadbalancing:eu-west-1:288627860431:loadbalancer/app/cvist-alb-nonprod/331de65e1718f135",
            "idle_timeout": 60,
            "internal": true,
            "ip_address_type": "ipv4",
            "ipam_pools": [],
            "load_balancer_type": "application",
            "minimum_load_balancer_capacity": [],
            "name": "cvist-alb-nonprod",
            "name_prefix": "",
            "preserve_host_header": false,
            "security_groups": [
              "sg-00c915e80a4c69af3"
            ],
            "subnet_mapping": [
              {
                "allocation_id": "",
                "ipv6_address": "",
                "outpost_id": "",
                "private_ipv4_address": "",
                "subnet_id": "subnet-032a13bb29fa820f8"
              },
              {
                "allocation_id": "",
                "ipv6_address": "",
                "outpost_id": "",
                "private_ipv4_address": "",
                "subnet_id": "subnet-061c033499fcc6ac2"
              }
            ],
            "subnets": [
              "subnet-032a13bb29fa820f8",
              "subnet-061c033499fcc6ac2"
            ],
            "tags": {
              "Environment": "Non-Production",
              "Owner": "DevOps",
              "Project": "Terraform-CVIST"
            },
            "tags_all": {
              "Environment": "Non-Production",
              "Owner": "DevOps",
              "Project": "Terraform-CVIST"
            },
            "timeouts": null,
            "vpc_id": "vpc-0d912a591fe34de43",
            "xff_header_processing_mode": "append",
            "zone_id": "Z32O12XQLNTSW2"
          },
          "sensitive_attributes": [],
          "private": "eyJlMmJmYjczMC1lY2FhLTExZTYtOGY4OC0zNDM2M2JjN2M0YzAiOnsiY3JlYXRlIjo2MDAwMDAwMDAwMDAsImRlbGV0ZSI6NjAwMDAwMDAwMDAwLCJ1cGRhdGUiOjYwMDAwMDAwMDAwMH19",
          "dependencies": [
            "module.network.data.aws_security_group.selected",
            "module.network.data.aws_subnet.private"
          ]
        }
      ]
    },
    {
      "module": "module.alb",
      "mode": "managed",
      "type": "aws_lb_listener",
      "name": "http",
      "provider": "provider[\"registry.terraform.io/hashicorp/aws\"]",
      "instances": [
        {
          "schema_version": 0,
          "attributes": {
            "alpn_policy": null,
            "arn": "arn:aws:elasticloadbalancing:eu-west-1:288627860431:listener/app/cvist-alb-nonprod/331de65e1718f135/553c29eadb0d83a4",
            "certificate_arn": "arn:aws:acm:eu-west-1:288627860431:certificate/51f91368-1421-473f-b76d-36214367b795",
            "default_action": [
              {
                "authenticate_cognito": [],
                "authenticate_oidc": [],
                "fixed_response": [],
                "forward": [],
                "order": 1,
                "redirect": [],
                "target_group_arn": "arn:aws:elasticloadbalancing:eu-west-1:288627860431:targetgroup/cvist-alb-nonprod-tg/14e71cc551e188b4",
                "type": "forward"
              }
            ],
            "id": "arn:aws:elasticloadbalancing:eu-west-1:288627860431:listener/app/cvist-alb-nonprod/331de65e1718f135/553c29eadb0d83a4",
            "load_balancer_arn": "arn:aws:elasticloadbalancing:eu-west-1:288627860431:loadbalancer/app/cvist-alb-nonprod/331de65e1718f135",
            "mutual_authentication": [
              {
                "advertise_trust_store_ca_names": "",
                "ignore_client_certificate_expiry": false,
                "mode": "off",
                "trust_store_arn": ""
              }
            ],
            "port": 8443,
            "protocol": "HTTPS",
            "routing_http_request_x_amzn_mtls_clientcert_header_name": "",
            "routing_http_request_x_amzn_mtls_clientcert_issuer_header_name": "",
            "routing_http_request_x_amzn_mtls_clientcert_leaf_header_name": "",
            "routing_http_request_x_amzn_mtls_clientcert_serial_number_header_name": "",
            "routing_http_request_x_amzn_mtls_clientcert_subject_header_name": "",
            "routing_http_request_x_amzn_mtls_clientcert_validity_header_name": "",
            "routing_http_request_x_amzn_tls_cipher_suite_header_name": "",
            "routing_http_request_x_amzn_tls_version_header_name": "",
            "routing_http_response_access_control_allow_credentials_header_value": "",
            "routing_http_response_access_control_allow_headers_header_value": "",
            "routing_http_response_access_control_allow_methods_header_value": "",
            "routing_http_response_access_control_allow_origin_header_value": "",
            "routing_http_response_access_control_expose_headers_header_value": "",
            "routing_http_response_access_control_max_age_header_value": "",
            "routing_http_response_content_security_policy_header_value": "",
            "routing_http_response_server_enabled": true,
            "routing_http_response_strict_transport_security_header_value": "",
            "routing_http_response_x_content_type_options_header_value": "",
            "routing_http_response_x_frame_options_header_value": "",
            "ssl_policy": "ELBSecurityPolicy-2016-08",
            "tags": {
              "Environment": "Non-Production",
              "Owner": "DevOps",
              "Project": "Terraform-CVIST"
            },
            "tags_all": {
              "Environment": "Non-Production",
              "Owner": "DevOps",
              "Project": "Terraform-CVIST"
            },
            "tcp_idle_timeout_seconds": null,
            "timeouts": null
          },
          "sensitive_attributes": [],
          "private": "eyJlMmJmYjczMC1lY2FhLTExZTYtOGY4OC0zNDM2M2JjN2M0YzAiOnsiY3JlYXRlIjozMDAwMDAwMDAwMDAsInVwZGF0ZSI6MzAwMDAwMDAwMDAwfX0=",
          "dependencies": [
            "module.alb.aws_lb.alb-main",
            "module.alb.aws_lb_target_group.alb-tg",
            "module.alb.data.aws_vpc.vpc",
            "module.network.data.aws_security_group.selected",
            "module.network.data.aws_subnet.private"
          ]
        }
      ]
    },
    {
      "module": "module.alb",
      "mode": "managed",
      "type": "aws_lb_target_group",
      "name": "alb-tg",
      "provider": "provider[\"registry.terraform.io/hashicorp/aws\"]",
      "instances": [
        {
          "schema_version": 0,
          "attributes": {
            "arn": "arn:aws:elasticloadbalancing:eu-west-1:288627860431:targetgroup/cvist-alb-nonprod-tg/14e71cc551e188b4",
            "arn_suffix": "targetgroup/cvist-alb-nonprod-tg/14e71cc551e188b4",
            "connection_termination": null,
            "deregistration_delay": "300",
            "health_check": [
              {
                "enabled": true,
                "healthy_threshold": 2,
                "interval": 30,
                "matcher": "200-399",
                "path": "/cvist/start",
                "port": "traffic-port",
                "protocol": "HTTP",
                "timeout": 5,
                "unhealthy_threshold": 2
              }
            ],
            "id": "arn:aws:elasticloadbalancing:eu-west-1:288627860431:targetgroup/cvist-alb-nonprod-tg/14e71cc551e188b4",
            "ip_address_type": "ipv4",
            "lambda_multi_value_headers_enabled": false,
            "load_balancer_arns": [
              "arn:aws:elasticloadbalancing:eu-west-1:288627860431:loadbalancer/app/cvist-alb-nonprod/331de65e1718f135"
            ],
            "load_balancing_algorithm_type": "round_robin",
            "load_balancing_anomaly_mitigation": "off",
            "load_balancing_cross_zone_enabled": "use_load_balancer_configuration",
            "name": "cvist-alb-nonprod-tg",
            "name_prefix": "",
            "port": 8443,
            "preserve_client_ip": null,
            "protocol": "HTTP",
            "protocol_version": "HTTP1",
            "proxy_protocol_v2": false,
            "slow_start": 0,
            "stickiness": [
              {
                "cookie_duration": 86400,
                "cookie_name": "",
                "enabled": false,
                "type": "lb_cookie"
              }
            ],
            "tags": {
              "Environment": "Non-Production",
              "Owner": "DevOps",
              "Project": "Terraform-CVIST"
            },
            "tags_all": {
              "Environment": "Non-Production",
              "Owner": "DevOps",
              "Project": "Terraform-CVIST"
            },
            "target_failover": [
              {
                "on_deregistration": null,
                "on_unhealthy": null
              }
            ],
            "target_group_health": [
              {
                "dns_failover": [
                  {
                    "minimum_healthy_targets_count": "1",
                    "minimum_healthy_targets_percentage": "off"
                  }
                ],
                "unhealthy_state_routing": [
                  {
                    "minimum_healthy_targets_count": 1,
                    "minimum_healthy_targets_percentage": "off"
                  }
                ]
              }
            ],
            "target_health_state": [
              {
                "enable_unhealthy_connection_termination": null,
                "unhealthy_draining_interval": null
              }
            ],
            "target_type": "ip",
            "vpc_id": "vpc-0d912a591fe34de43"
          },
          "sensitive_attributes": [],
          "private": "bnVsbA==",
          "dependencies": [
            "module.alb.data.aws_vpc.vpc"
          ]
        }
      ]
    },
    {
      "module": "module.cloudwatch",
      "mode": "managed",
      "type": "aws_cloudwatch_log_group",
      "name": "ecs_logs",
      "provider": "provider[\"registry.terraform.io/hashicorp/aws\"]",
      "instances": [
        {
          "schema_version": 0,
          "attributes": {
            "arn": "arn:aws:logs:eu-west-1:288627860431:log-group:/ecs/cvist-ecs-service",
            "id": "/ecs/cvist-ecs-service",
            "kms_key_id": "",
            "log_group_class": "STANDARD",
            "name": "/ecs/cvist-ecs-service",
            "name_prefix": "",
            "retention_in_days": 30,
            "skip_destroy": false,
            "tags": {
              "Environment": "Non-Production",
              "Owner": "DevOps",
              "Project": "Terraform-CVIST"
            },
            "tags_all": {
              "Environment": "Non-Production",
              "Owner": "DevOps",
              "Project": "Terraform-CVIST"
            }
          },
          "sensitive_attributes": [],
          "private": "bnVsbA=="
        }
      ]
    },
    {
      "module": "module.ecr",
      "mode": "managed",
      "type": "aws_ecr_repository",
      "name": "cvist-app-ecr-repo",
      "provider": "provider[\"registry.terraform.io/hashicorp/aws\"]",
      "instances": [
        {
          "schema_version": 0,
          "attributes": {
            "arn": "arn:aws:ecr:eu-west-1:288627860431:repository/cvist-app-ecr-repo",
            "encryption_configuration": [
              {
                "encryption_type": "AES256",
                "kms_key": ""
              }
            ],
            "force_delete": null,
            "id": "cvist-app-ecr-repo",
            "image_scanning_configuration": [
              {
                "scan_on_push": true
              }
            ],
            "image_tag_mutability": "MUTABLE",
            "name": "cvist-app-ecr-repo",
            "registry_id": "288627860431",
            "repository_url": "288627860431.dkr.ecr.eu-west-1.amazonaws.com/cvist-app-ecr-repo",
            "tags": {
              "Environment": "Non-Production",
              "Owner": "DevOps",
              "Project": "Terraform-CVIST"
            },
            "tags_all": {
              "Environment": "Non-Production",
              "Owner": "DevOps",
              "Project": "Terraform-CVIST"
            },
            "timeouts": null
          },
          "sensitive_attributes": [],
          "private": "eyJlMmJmYjczMC1lY2FhLTExZTYtOGY4OC0zNDM2M2JjN2M0YzAiOnsiZGVsZXRlIjoxMjAwMDAwMDAwMDAwfX0="
        }
      ]
    },
    {
      "module": "module.ecs",
      "mode": "managed",
      "type": "aws_appautoscaling_policy",
      "name": "cvist-autoscale-policy",
      "provider": "provider[\"registry.terraform.io/hashicorp/aws\"]",
      "instances": [
        {
          "schema_version": 0,
          "attributes": {
            "alarm_arns": [
              "arn:aws:cloudwatch:eu-west-1:288627860431:alarm:TargetTracking-service/cvist-ecs-cluster/cvist-ecs-service-AlarmHigh-573f473a-a3e2-424d-b965-1b3dc4cb391a",
              "arn:aws:cloudwatch:eu-west-1:288627860431:alarm:TargetTracking-service/cvist-ecs-cluster/cvist-ecs-service-AlarmLow-3ade2f92-32c3-4e41-9ce4-8d9e69fa410a"
            ],
            "arn": "arn:aws:autoscaling:eu-west-1:288627860431:scalingPolicy:fe8f832f-1ac3-448d-b489-50b39d0cb921:resource/ecs/service/cvist-ecs-cluster/cvist-ecs-service:policyName/cvist-autoscale-policy",
            "id": "cvist-autoscale-policy",
            "name": "cvist-autoscale-policy",
            "policy_type": "TargetTrackingScaling",
            "resource_id": "service/cvist-ecs-cluster/cvist-ecs-service",
            "scalable_dimension": "ecs:service:DesiredCount",
            "service_namespace": "ecs",
            "step_scaling_policy_configuration": [],
            "target_tracking_scaling_policy_configuration": [
              {
                "customized_metric_specification": [],
                "disable_scale_in": false,
                "predefined_metric_specification": [
                  {
                    "predefined_metric_type": "ECSServiceAverageCPUUtilization",
                    "resource_label": ""
                  }
                ],
                "scale_in_cooldown": 0,
                "scale_out_cooldown": 0,
                "target_value": 50
              }
            ]
          },
          "sensitive_attributes": [],
          "private": "bnVsbA==",
          "dependencies": [
            "module.alb.aws_lb_target_group.alb-tg",
            "module.alb.data.aws_vpc.vpc",
            "module.ecs.aws_appautoscaling_target.cvist-autoscale-target",
            "module.ecs.aws_ecs_cluster.cvist-ecs-cluster",
            "module.ecs.aws_ecs_service.cvist-ecs-service",
            "module.ecs.aws_ecs_task_definition.cvist-ecs-task",
            "module.ecs.aws_iam_role.ecs_task_execution_role",
            "module.network.data.aws_security_group.selected",
            "module.network.data.aws_subnet.private"
          ]
        }
      ]
    },
    {
      "module": "module.ecs",
      "mode": "managed",
      "type": "aws_appautoscaling_target",
      "name": "cvist-autoscale-target",
      "provider": "provider[\"registry.terraform.io/hashicorp/aws\"]",
      "instances": [
        {
          "schema_version": 0,
          "attributes": {
            "arn": "arn:aws:application-autoscaling:eu-west-1:288627860431:scalable-target/0ec5fe8f832f1ac3448db48950b39d0cb921",
            "id": "service/cvist-ecs-cluster/cvist-ecs-service",
            "max_capacity": 10,
            "min_capacity": 1,
            "resource_id": "service/cvist-ecs-cluster/cvist-ecs-service",
            "role_arn": "arn:aws:iam::288627860431:role/aws-service-role/ecs.application-autoscaling.amazonaws.com/AWSServiceRoleForApplicationAutoScaling_ECSService",
            "scalable_dimension": "ecs:service:DesiredCount",
            "service_namespace": "ecs",
            "suspended_state": [
              {
                "dynamic_scaling_in_suspended": false,
                "dynamic_scaling_out_suspended": false,
                "scheduled_scaling_suspended": false
              }
            ],
            "tags": {
              "Environment": "Non-Production",
              "Owner": "DevOps",
              "Project": "Terraform-CVIST"
            },
            "tags_all": {
              "Environment": "Non-Production",
              "Owner": "DevOps",
              "Project": "Terraform-CVIST"
            }
          },
          "sensitive_attributes": [],
          "private": "bnVsbA==",
          "dependencies": [
            "module.alb.aws_lb_target_group.alb-tg",
            "module.alb.data.aws_vpc.vpc",
            "module.ecs.aws_ecs_cluster.cvist-ecs-cluster",
            "module.ecs.aws_ecs_service.cvist-ecs-service",
            "module.ecs.aws_ecs_task_definition.cvist-ecs-task",
            "module.ecs.aws_iam_role.ecs_task_execution_role",
            "module.network.data.aws_security_group.selected",
            "module.network.data.aws_subnet.private"
          ]
        }
      ]
    },
    {
      "module": "module.ecs",
      "mode": "managed",
      "type": "aws_ecs_cluster",
      "name": "cvist-ecs-cluster",
      "provider": "provider[\"registry.terraform.io/hashicorp/aws\"]",
      "instances": [
        {
          "schema_version": 0,
          "attributes": {
            "arn": "arn:aws:ecs:eu-west-1:288627860431:cluster/cvist-ecs-cluster",
            "configuration": [],
            "id": "arn:aws:ecs:eu-west-1:288627860431:cluster/cvist-ecs-cluster",
            "name": "cvist-ecs-cluster",
            "service_connect_defaults": [],
            "setting": [
              {
                "name": "containerInsights",
                "value": "disabled"
              }
            ],
            "tags": {
              "Environment": "Non-Production",
              "Owner": "DevOps",
              "Project": "Terraform-CVIST"
            },
            "tags_all": {
              "Environment": "Non-Production",
              "Owner": "DevOps",
              "Project": "Terraform-CVIST"
            }
          },
          "sensitive_attributes": [],
          "private": "bnVsbA=="
        }
      ]
    },
    {
      "module": "module.ecs",
      "mode": "managed",
      "type": "aws_ecs_service",
      "name": "cvist-ecs-service",
      "provider": "provider[\"registry.terraform.io/hashicorp/aws\"]",
      "instances": [
        {
          "schema_version": 1,
          "attributes": {
            "alarms": [],
            "availability_zone_rebalancing": "DISABLED",
            "capacity_provider_strategy": [],
            "cluster": "arn:aws:ecs:eu-west-1:288627860431:cluster/cvist-ecs-cluster",
            "deployment_circuit_breaker": [
              {
                "enable": false,
                "rollback": false
              }
            ],
            "deployment_controller": [
              {
                "type": "ECS"
              }
            ],
            "deployment_maximum_percent": 200,
            "deployment_minimum_healthy_percent": 100,
            "desired_count": 1,
            "enable_ecs_managed_tags": false,
            "enable_execute_command": false,
            "force_delete": null,
            "force_new_deployment": null,
            "health_check_grace_period_seconds": 0,
            "iam_role": "/aws-service-role/ecs.amazonaws.com/AWSServiceRoleForECS",
            "id": "arn:aws:ecs:eu-west-1:288627860431:service/cvist-ecs-cluster/cvist-ecs-service",
            "launch_type": "FARGATE",
            "load_balancer": [
              {
                "container_name": "cvist-ecr-container",
                "container_port": 8443,
                "elb_name": "",
                "target_group_arn": "arn:aws:elasticloadbalancing:eu-west-1:288627860431:targetgroup/cvist-alb-nonprod-tg/14e71cc551e188b4"
              }
            ],
            "name": "cvist-ecs-service",
            "network_configuration": [
              {
                "assign_public_ip": true,
                "security_groups": [
                  "sg-00c915e80a4c69af3"
                ],
                "subnets": [
                  "subnet-032a13bb29fa820f8",
                  "subnet-061c033499fcc6ac2"
                ]
              }
            ],
            "ordered_placement_strategy": [],
            "placement_constraints": [],
            "platform_version": "LATEST",
            "propagate_tags": "NONE",
            "scheduling_strategy": "REPLICA",
            "service_connect_configuration": [],
            "service_registries": [],
            "tags": {
              "Environment": "Non-Production",
              "Owner": "DevOps",
              "Project": "Terraform-CVIST"
            },
            "tags_all": {
              "Environment": "Non-Production",
              "Owner": "DevOps",
              "Project": "Terraform-CVIST"
            },
            "task_definition": "arn:aws:ecs:eu-west-1:288627860431:task-definition/cvist-ecs-service:3",
            "timeouts": null,
            "triggers": {},
            "volume_configuration": [],
            "vpc_lattice_configurations": [],
            "wait_for_steady_state": false
          },
          "sensitive_attributes": [],
          "private": "eyJlMmJmYjczMC1lY2FhLTExZTYtOGY4OC0zNDM2M2JjN2M0YzAiOnsiY3JlYXRlIjoxMjAwMDAwMDAwMDAwLCJkZWxldGUiOjEyMDAwMDAwMDAwMDAsInVwZGF0ZSI6MTIwMDAwMDAwMDAwMH0sInNjaGVtYV92ZXJzaW9uIjoiMSJ9",
          "dependencies": [
            "module.alb.aws_lb_target_group.alb-tg",
            "module.alb.data.aws_vpc.vpc",
            "module.ecs.aws_ecs_cluster.cvist-ecs-cluster",
            "module.ecs.aws_ecs_task_definition.cvist-ecs-task",
            "module.ecs.aws_iam_role.ecs_task_execution_role",
            "module.network.data.aws_security_group.selected",
            "module.network.data.aws_subnet.private"
          ]
        }
      ]
    },
    {
      "module": "module.ecs",
      "mode": "managed",
      "type": "aws_ecs_task_definition",
      "name": "cvist-ecs-task",
      "provider": "provider[\"registry.terraform.io/hashicorp/aws\"]",
      "instances": [
        {
          "schema_version": 1,
          "attributes": {
            "arn": "arn:aws:ecs:eu-west-1:288627860431:task-definition/cvist-ecs-service:3",
            "arn_without_revision": "arn:aws:ecs:eu-west-1:288627860431:task-definition/cvist-ecs-service",
            "container_definitions": "[{\"cpu\":256,\"environment\":[],\"essential\":true,\"image\":\"288627860431.dkr.ecr.eu-west-1.amazonaws.com/cvist-app-ecr-repo:latest\",\"memory\":512,\"mountPoints\":[],\"name\":\"cvist-ecr-container\",\"portMappings\":[{\"containerPort\":8443,\"hostPort\":8443,\"protocol\":\"tcp\"}],\"systemControls\":[],\"volumesFrom\":[]}]",
            "cpu": "256",
            "enable_fault_injection": false,
            "ephemeral_storage": [],
            "execution_role_arn": "arn:aws:iam::288627860431:role/ecs_task_execution_role",
            "family": "cvist-ecs-service",
            "id": "cvist-ecs-service",
            "inference_accelerator": [],
            "ipc_mode": "",
            "memory": "512",
            "network_mode": "awsvpc",
            "pid_mode": "",
            "placement_constraints": [],
            "proxy_configuration": [],
            "requires_compatibilities": [
              "FARGATE"
            ],
            "revision": 3,
            "runtime_platform": [],
            "skip_destroy": false,
            "tags": {
              "Environment": "Non-Production",
              "Owner": "DevOps",
              "Project": "Terraform-CVIST"
            },
            "tags_all": {
              "Environment": "Non-Production",
              "Owner": "DevOps",
              "Project": "Terraform-CVIST"
            },
            "task_role_arn": "arn:aws:iam::288627860431:role/ecs_task_execution_role",
            "track_latest": false,
            "volume": []
          },
          "sensitive_attributes": [],
          "private": "eyJzY2hlbWFfdmVyc2lvbiI6IjEifQ==",
          "dependencies": [
            "module.ecs.aws_iam_role.ecs_task_execution_role"
          ]
        }
      ]
    },
    {
      "module": "module.ecs",
      "mode": "managed",
      "type": "aws_iam_role",
      "name": "ecs_task_execution_role",
      "provider": "provider[\"registry.terraform.io/hashicorp/aws\"]",
      "instances": [
        {
          "schema_version": 0,
          "attributes": {
            "arn": "arn:aws:iam::288627860431:role/ecs_task_execution_role",
            "assume_role_policy": "{\"Statement\":[{\"Action\":\"sts:AssumeRole\",\"Effect\":\"Allow\",\"Principal\":{\"Service\":\"ecs-tasks.amazonaws.com\"}}],\"Version\":\"2012-10-17\"}",
            "create_date": "2025-06-10T11:45:18Z",
            "description": "",
            "force_detach_policies": false,
            "id": "ecs_task_execution_role",
            "inline_policy": [],
            "managed_policy_arns": [
              "arn:aws:iam::aws:policy/service-role/AmazonECSTaskExecutionRolePolicy"
            ],
            "max_session_duration": 3600,
            "name": "ecs_task_execution_role",
            "name_prefix": "",
            "path": "/",
            "permissions_boundary": "",
            "tags": {
              "Environment": "Non-Production",
              "Owner": "DevOps",
              "Project": "Terraform-CVIST"
            },
            "tags_all": {
              "Environment": "Non-Production",
              "Owner": "DevOps",
              "Project": "Terraform-CVIST"
            },
            "unique_id": "AROAUGM4PUPHVYFW46OCC"
          },
          "sensitive_attributes": [],
          "private": "bnVsbA=="
        }
      ]
    },
    {
      "module": "module.ecs",
      "mode": "managed",
      "type": "aws_iam_role_policy_attachment",
      "name": "ecs_task_execution_role_policy",
      "provider": "provider[\"registry.terraform.io/hashicorp/aws\"]",
      "instances": [
        {
          "schema_version": 0,
          "attributes": {
            "id": "ecs_task_execution_role-20250610114519407200000001",
            "policy_arn": "arn:aws:iam::aws:policy/service-role/AmazonECSTaskExecutionRolePolicy",
            "role": "ecs_task_execution_role"
          },
          "sensitive_attributes": [],
          "private": "bnVsbA==",
          "dependencies": [
            "module.ecs.aws_iam_role.ecs_task_execution_role"
          ]
        }
      ]
    },
    {
      "module": "module.network",
      "mode": "data",
      "type": "aws_ec2_transit_gateway",
      "name": "selected",
      "provider": "provider[\"registry.terraform.io/hashicorp/aws\"]",
      "instances": [
        {
          "schema_version": 0,
          "attributes": {
            "amazon_side_asn": 65000,
            "arn": "arn:aws:ec2:eu-west-1:764038863864:transit-gateway/tgw-03c54433f67b2cab3",
            "association_default_route_table_id": "",
            "auto_accept_shared_attachments": "enable",
            "default_route_table_association": "disable",
            "default_route_table_propagation": "disable",
            "description": "TransitGateway1",
            "dns_support": "enable",
            "filter": null,
            "id": "tgw-03c54433f67b2cab3",
            "multicast_support": "disable",
            "owner_id": "764038863864",
            "propagation_default_route_table_id": "",
            "security_group_referencing_support": "disable",
            "tags": {},
            "timeouts": null,
            "transit_gateway_cidr_blocks": [],
            "vpn_ecmp_support": "disable"
          },
          "sensitive_attributes": []
        }
      ]
    },
    {
      "module": "module.network",
      "mode": "data",
      "type": "aws_route_table",
      "name": "selected",
      "provider": "provider[\"registry.terraform.io/hashicorp/aws\"]",
      "instances": [
        {
          "index_key": 0,
          "schema_version": 0,
          "attributes": {
            "arn": "arn:aws:ec2:eu-west-1:288627860431:route-table/rtb-07e4c49e97709917b",
            "associations": [
              {
                "gateway_id": "",
                "main": false,
                "route_table_association_id": "rtbassoc-0dcb43ebdbfd3b9b7",
                "route_table_id": "rtb-07e4c49e97709917b",
                "subnet_id": "subnet-061c033499fcc6ac2"
              }
            ],
            "filter": null,
            "gateway_id": null,
            "id": "rtb-07e4c49e97709917b",
            "owner_id": "288627860431",
            "route_table_id": "rtb-07e4c49e97709917b",
            "routes": [
              {
                "carrier_gateway_id": "",
                "cidr_block": "0.0.0.0/0",
                "core_network_arn": "",
                "destination_prefix_list_id": "",
                "egress_only_gateway_id": "",
                "gateway_id": "",
                "instance_id": "",
                "ipv6_cidr_block": "",
                "local_gateway_id": "",
                "nat_gateway_id": "",
                "network_interface_id": "",
                "transit_gateway_id": "tgw-03c54433f67b2cab3",
                "vpc_endpoint_id": "",
                "vpc_peering_connection_id": ""
              }
            ],
            "subnet_id": null,
            "tags": {
              "Name": "ecn1-PrivateRouteTable2",
              "Owner": "AWSCBM",
              "ericsson:ecn": "true"
            },
            "timeouts": null,
            "vpc_id": "vpc-0d912a591fe34de43"
          },
          "sensitive_attributes": []
        },
        {
          "index_key": 1,
          "schema_version": 0,
          "attributes": {
            "arn": "arn:aws:ec2:eu-west-1:288627860431:route-table/rtb-0007c0d25c2f7ab46",
            "associations": [
              {
                "gateway_id": "",
                "main": false,
                "route_table_association_id": "rtbassoc-00a416971a799a71d",
                "route_table_id": "rtb-0007c0d25c2f7ab46",
                "subnet_id": "subnet-032a13bb29fa820f8"
              }
            ],
            "filter": null,
            "gateway_id": null,
            "id": "rtb-0007c0d25c2f7ab46",
            "owner_id": "288627860431",
            "route_table_id": "rtb-0007c0d25c2f7ab46",
            "routes": [
              {
                "carrier_gateway_id": "",
                "cidr_block": "0.0.0.0/0",
                "core_network_arn": "",
                "destination_prefix_list_id": "",
                "egress_only_gateway_id": "",
                "gateway_id": "",
                "instance_id": "",
                "ipv6_cidr_block": "",
                "local_gateway_id": "",
                "nat_gateway_id": "",
                "network_interface_id": "",
                "transit_gateway_id": "tgw-03c54433f67b2cab3",
                "vpc_endpoint_id": "",
                "vpc_peering_connection_id": ""
              }
            ],
            "subnet_id": null,
            "tags": {
              "Name": "ecn1-PrivateRouteTable1",
              "Owner": "AWSCBM",
              "ericsson:ecn": "true"
            },
            "timeouts": null,
            "vpc_id": "vpc-0d912a591fe34de43"
          },
          "sensitive_attributes": []
        }
      ]
    },
    {
      "module": "module.network",
      "mode": "data",
      "type": "aws_security_group",
      "name": "selected",
      "provider": "provider[\"registry.terraform.io/hashicorp/aws\"]",
      "instances": [
        {
          "schema_version": 0,
          "attributes": {
            "arn": "arn:aws:ec2:eu-west-1:288627860431:security-group/sg-00c915e80a4c69af3",
            "description": "sg_app",
            "filter": null,
            "id": "sg-00c915e80a4c69af3",
            "name": "sg_app",
            "tags": {},
            "timeouts": null,
            "vpc_id": "vpc-0d912a591fe34de43"
          },
          "sensitive_attributes": []
        }
      ]
    },
    {
      "module": "module.network",
      "mode": "data",
      "type": "aws_subnet",
      "name": "private",
      "provider": "provider[\"registry.terraform.io/hashicorp/aws\"]",
      "instances": [
        {
          "index_key": "subnet-032a13bb29fa820f8",
          "schema_version": 0,
          "attributes": {
            "arn": "arn:aws:ec2:eu-west-1:288627860431:subnet/subnet-032a13bb29fa820f8",
            "assign_ipv6_address_on_creation": false,
            "availability_zone": "eu-west-1a",
            "availability_zone_id": "euw1-az3",
            "available_ip_address_count": 21,
            "cidr_block": "172.31.117.64/27",
            "customer_owned_ipv4_pool": "",
            "default_for_az": false,
            "enable_dns64": false,
            "enable_lni_at_device_index": 0,
            "enable_resource_name_dns_a_record_on_launch": false,
            "enable_resource_name_dns_aaaa_record_on_launch": false,
            "filter": null,
            "id": "subnet-032a13bb29fa820f8",
            "ipv6_cidr_block": "",
            "ipv6_cidr_block_association_id": "",
            "ipv6_native": false,
            "map_customer_owned_ip_on_launch": false,
            "map_public_ip_on_launch": false,
            "outpost_arn": "",
            "owner_id": "288627860431",
            "private_dns_hostname_type_on_launch": "ip-name",
            "state": "available",
            "tags": {
              "Name": "ecn1-PrivateSubnet1",
              "Owner": "AWSCBM",
              "ericsson:ecn": "true"
            },
            "timeouts": null,
            "vpc_id": "vpc-0d912a591fe34de43"
          },
          "sensitive_attributes": []
        },
        {
          "index_key": "subnet-061c033499fcc6ac2",
          "schema_version": 0,
          "attributes": {
            "arn": "arn:aws:ec2:eu-west-1:288627860431:subnet/subnet-061c033499fcc6ac2",
            "assign_ipv6_address_on_creation": false,
            "availability_zone": "eu-west-1b",
            "availability_zone_id": "euw1-az1",
            "available_ip_address_count": 22,
            "cidr_block": "172.31.117.96/27",
            "customer_owned_ipv4_pool": "",
            "default_for_az": false,
            "enable_dns64": false,
            "enable_lni_at_device_index": 0,
            "enable_resource_name_dns_a_record_on_launch": false,
            "enable_resource_name_dns_aaaa_record_on_launch": false,
            "filter": null,
            "id": "subnet-061c033499fcc6ac2",
            "ipv6_cidr_block": "",
            "ipv6_cidr_block_association_id": "",
            "ipv6_native": false,
            "map_customer_owned_ip_on_launch": false,
            "map_public_ip_on_launch": false,
            "outpost_arn": "",
            "owner_id": "288627860431",
            "private_dns_hostname_type_on_launch": "ip-name",
            "state": "available",
            "tags": {
              "Name": "ecn1-PrivateSubnet2",
              "Owner": "AWSCBM",
              "ericsson:ecn": "true"
            },
            "timeouts": null,
            "vpc_id": "vpc-0d912a591fe34de43"
          },
          "sensitive_attributes": []
        }
      ]
    },
    {
      "module": "module.network",
      "mode": "data",
      "type": "aws_vpc",
      "name": "vpc",
      "provider": "provider[\"registry.terraform.io/hashicorp/aws\"]",
      "instances": [
        {
          "schema_version": 0,
          "attributes": {
            "arn": "arn:aws:ec2:eu-west-1:288627860431:vpc/vpc-0d912a591fe34de43",
            "cidr_block": "172.31.117.64/26",
            "cidr_block_associations": [
              {
                "association_id": "vpc-cidr-assoc-07cb99cdb4b9ededa",
                "cidr_block": "172.31.117.64/26",
                "state": "associated"
              }
            ],
            "default": false,
            "dhcp_options_id": "dopt-20c82559",
            "enable_dns_hostnames": true,
            "enable_dns_support": true,
            "enable_network_address_usage_metrics": false,
            "filter": [
              {
                "name": "tag:Name",
                "values": [
                  "ecn1-VPC"
                ]
              }
            ],
            "id": "vpc-0d912a591fe34de43",
            "instance_tenancy": "default",
            "ipv6_association_id": "",
            "ipv6_cidr_block": "",
            "main_route_table_id": "rtb-05f03417db501909a",
            "owner_id": "288627860431",
            "state": null,
            "tags": {
              "Name": "ecn1-VPC",
              "Owner": "AWSCBM",
              "ericsson:ecn": "true"
            },
            "timeouts": null
          },
          "sensitive_attributes": []
        }
      ]
    }
  ],
  "check_results": null
}
